lockfileVersion: '9.0'

settings:
  autoInstallPeers: true
  excludeLinksFromLockfile: false

importers:

  .:
    dependencies:
      commander:
        specifier: ^14.0.0
        version: 14.0.0
      dotenv:
        specifier: ^17.2.0
        version: 17.2.0
      kysely:
        specifier: ^0.28.3
        version: 0.28.3
      kysely-node-sqlite:
        specifier: ^1.1.0
        version: 1.1.0
      pino:
        specifier: ^9.7.0
        version: 9.7.0
      pino-pretty:
        specifier: ^13.0.0
        version: 13.0.0
    devDependencies:
      '@types/node':
        specifier: ^24.0.15
        version: 24.0.15
      tsx:
        specifier: ^4.20.3
        version: 4.20.3
      typescript:
        specifier: ^5.8.3
        version: 5.8.3

packages:

  '@esbuild/aix-ppc64@0.25.8':
    resolution: {integrity: sha512-urAvrUedIqEiFR3FYSLTWQgLu5tb+m0qZw0NBEasUeo6wuqatkMDaRT+1uABiGXEu5vqgPd7FGE1BhsAIy9QVA==}
    engines: {node: '>=18'}
    cpu: [ppc64]
    os: [aix]

  '@esbuild/android-arm64@0.25.8':
    resolution: {integrity: sha512-OD3p7LYzWpLhZEyATcTSJ67qB5D+20vbtr6vHlHWSQYhKtzUYrETuWThmzFpZtFsBIxRvhO07+UgVA9m0i/O1w==}
    engines: {node: '>=18'}
    cpu: [arm64]
    os: [android]

  '@esbuild/android-arm@0.25.8':
    resolution: {integrity: sha512-RONsAvGCz5oWyePVnLdZY/HHwA++nxYWIX1atInlaW6SEkwq6XkP3+cb825EUcRs5Vss/lGh/2YxAb5xqc07Uw==}
    engines: {node: '>=18'}
    cpu: [arm]
    os: [android]

  '@esbuild/android-x64@0.25.8':
    resolution: {integrity: sha512-yJAVPklM5+4+9dTeKwHOaA+LQkmrKFX96BM0A/2zQrbS6ENCmxc4OVoBs5dPkCCak2roAD+jKCdnmOqKszPkjA==}
    engines: {node: '>=18'}
    cpu: [x64]
    os: [android]

  '@esbuild/darwin-arm64@0.25.8':
    resolution: {integrity: sha512-Jw0mxgIaYX6R8ODrdkLLPwBqHTtYHJSmzzd+QeytSugzQ0Vg4c5rDky5VgkoowbZQahCbsv1rT1KW72MPIkevw==}
    engines: {node: '>=18'}
    cpu: [arm64]
    os: [darwin]

  '@esbuild/darwin-x64@0.25.8':
    resolution: {integrity: sha512-Vh2gLxxHnuoQ+GjPNvDSDRpoBCUzY4Pu0kBqMBDlK4fuWbKgGtmDIeEC081xi26PPjn+1tct+Bh8FjyLlw1Zlg==}
    engines: {node: '>=18'}
    cpu: [x64]
    os: [darwin]

  '@esbuild/freebsd-arm64@0.25.8':
    resolution: {integrity: sha512-YPJ7hDQ9DnNe5vxOm6jaie9QsTwcKedPvizTVlqWG9GBSq+BuyWEDazlGaDTC5NGU4QJd666V0yqCBL2oWKPfA==}
    engines: {node: '>=18'}
    cpu: [arm64]
    os: [freebsd]

  '@esbuild/freebsd-x64@0.25.8':
    resolution: {integrity: sha512-MmaEXxQRdXNFsRN/KcIimLnSJrk2r5H8v+WVafRWz5xdSVmWLoITZQXcgehI2ZE6gioE6HirAEToM/RvFBeuhw==}
    engines: {node: '>=18'}
    cpu: [x64]
    os: [freebsd]

  '@esbuild/linux-arm64@0.25.8':
    resolution: {integrity: sha512-WIgg00ARWv/uYLU7lsuDK00d/hHSfES5BzdWAdAig1ioV5kaFNrtK8EqGcUBJhYqotlUByUKz5Qo6u8tt7iD/w==}
    engines: {node: '>=18'}
    cpu: [arm64]
    os: [linux]

  '@esbuild/linux-arm@0.25.8':
    resolution: {integrity: sha512-FuzEP9BixzZohl1kLf76KEVOsxtIBFwCaLupVuk4eFVnOZfU+Wsn+x5Ryam7nILV2pkq2TqQM9EZPsOBuMC+kg==}
    engines: {node: '>=18'}
    cpu: [arm]
    os: [linux]

  '@esbuild/linux-ia32@0.25.8':
    resolution: {integrity: sha512-A1D9YzRX1i+1AJZuFFUMP1E9fMaYY+GnSQil9Tlw05utlE86EKTUA7RjwHDkEitmLYiFsRd9HwKBPEftNdBfjg==}
    engines: {node: '>=18'}
    cpu: [ia32]
    os: [linux]

  '@esbuild/linux-loong64@0.25.8':
    resolution: {integrity: sha512-O7k1J/dwHkY1RMVvglFHl1HzutGEFFZ3kNiDMSOyUrB7WcoHGf96Sh+64nTRT26l3GMbCW01Ekh/ThKM5iI7hQ==}
    engines: {node: '>=18'}
    cpu: [loong64]
    os: [linux]

  '@esbuild/linux-mips64el@0.25.8':
    resolution: {integrity: sha512-uv+dqfRazte3BzfMp8PAQXmdGHQt2oC/y2ovwpTteqrMx2lwaksiFZ/bdkXJC19ttTvNXBuWH53zy/aTj1FgGw==}
    engines: {node: '>=18'}
    cpu: [mips64el]
    os: [linux]

  '@esbuild/linux-ppc64@0.25.8':
    resolution: {integrity: sha512-GyG0KcMi1GBavP5JgAkkstMGyMholMDybAf8wF5A70CALlDM2p/f7YFE7H92eDeH/VBtFJA5MT4nRPDGg4JuzQ==}
    engines: {node: '>=18'}
    cpu: [ppc64]
    os: [linux]

  '@esbuild/linux-riscv64@0.25.8':
    resolution: {integrity: sha512-rAqDYFv3yzMrq7GIcen3XP7TUEG/4LK86LUPMIz6RT8A6pRIDn0sDcvjudVZBiiTcZCY9y2SgYX2lgK3AF+1eg==}
    engines: {node: '>=18'}
    cpu: [riscv64]
    os: [linux]

  '@esbuild/linux-s390x@0.25.8':
    resolution: {integrity: sha512-Xutvh6VjlbcHpsIIbwY8GVRbwoviWT19tFhgdA7DlenLGC/mbc3lBoVb7jxj9Z+eyGqvcnSyIltYUrkKzWqSvg==}
    engines: {node: '>=18'}
    cpu: [s390x]
    os: [linux]

  '@esbuild/linux-x64@0.25.8':
    resolution: {integrity: sha512-ASFQhgY4ElXh3nDcOMTkQero4b1lgubskNlhIfJrsH5OKZXDpUAKBlNS0Kx81jwOBp+HCeZqmoJuihTv57/jvQ==}
    engines: {node: '>=18'}
    cpu: [x64]
    os: [linux]

  '@esbuild/netbsd-arm64@0.25.8':
    resolution: {integrity: sha512-d1KfruIeohqAi6SA+gENMuObDbEjn22olAR7egqnkCD9DGBG0wsEARotkLgXDu6c4ncgWTZJtN5vcgxzWRMzcw==}
    engines: {node: '>=18'}
    cpu: [arm64]
    os: [netbsd]

  '@esbuild/netbsd-x64@0.25.8':
    resolution: {integrity: sha512-nVDCkrvx2ua+XQNyfrujIG38+YGyuy2Ru9kKVNyh5jAys6n+l44tTtToqHjino2My8VAY6Lw9H7RI73XFi66Cg==}
    engines: {node: '>=18'}
    cpu: [x64]
    os: [netbsd]

  '@esbuild/openbsd-arm64@0.25.8':
    resolution: {integrity: sha512-j8HgrDuSJFAujkivSMSfPQSAa5Fxbvk4rgNAS5i3K+r8s1X0p1uOO2Hl2xNsGFppOeHOLAVgYwDVlmxhq5h+SQ==}
    engines: {node: '>=18'}
    cpu: [arm64]
    os: [openbsd]

  '@esbuild/openbsd-x64@0.25.8':
    resolution: {integrity: sha512-1h8MUAwa0VhNCDp6Af0HToI2TJFAn1uqT9Al6DJVzdIBAd21m/G0Yfc77KDM3uF3T/YaOgQq3qTJHPbTOInaIQ==}
    engines: {node: '>=18'}
    cpu: [x64]
    os: [openbsd]

  '@esbuild/openharmony-arm64@0.25.8':
    resolution: {integrity: sha512-r2nVa5SIK9tSWd0kJd9HCffnDHKchTGikb//9c7HX+r+wHYCpQrSgxhlY6KWV1nFo1l4KFbsMlHk+L6fekLsUg==}
    engines: {node: '>=18'}
    cpu: [arm64]
    os: [openharmony]

  '@esbuild/sunos-x64@0.25.8':
    resolution: {integrity: sha512-zUlaP2S12YhQ2UzUfcCuMDHQFJyKABkAjvO5YSndMiIkMimPmxA+BYSBikWgsRpvyxuRnow4nS5NPnf9fpv41w==}
    engines: {node: '>=18'}
    cpu: [x64]
    os: [sunos]

  '@esbuild/win32-arm64@0.25.8':
    resolution: {integrity: sha512-YEGFFWESlPva8hGL+zvj2z/SaK+pH0SwOM0Nc/d+rVnW7GSTFlLBGzZkuSU9kFIGIo8q9X3ucpZhu8PDN5A2sQ==}
    engines: {node: '>=18'}
    cpu: [arm64]
    os: [win32]

  '@esbuild/win32-ia32@0.25.8':
    resolution: {integrity: sha512-hiGgGC6KZ5LZz58OL/+qVVoZiuZlUYlYHNAmczOm7bs2oE1XriPFi5ZHHrS8ACpV5EjySrnoCKmcbQMN+ojnHg==}
    engines: {node: '>=18'}
    cpu: [ia32]
    os: [win32]

  '@esbuild/win32-x64@0.25.8':
    resolution: {integrity: sha512-cn3Yr7+OaaZq1c+2pe+8yxC8E144SReCQjN6/2ynubzYjvyqZjTXfQJpAcQpsdJq3My7XADANiYGHoFC69pLQw==}
    engines: {node: '>=18'}
    cpu: [x64]
    os: [win32]

  '@types/node@24.0.15':
    resolution: {integrity: sha512-oaeTSbCef7U/z7rDeJA138xpG3NuKc64/rZ2qmUFkFJmnMsAPaluIifqyWd8hSSMxyP9oie3dLAqYPblag9KgA==}

  async-mutex@0.5.0:
    resolution: {integrity: sha512-1A94B18jkJ3DYq284ohPxoXbfTA5HsQ7/Mf4DEhcyLx3Bz27Rh59iScbB6EPiP+B+joue6YCxcMXSbFC1tZKwA==}

  atomic-sleep@1.0.0:
    resolution: {integrity: sha512-kNOjDqAh7px0XWNI+4QbzoiR/nTkHAWNud2uvnJquD1/x5a7EQZMJT0AczqK0Qn67oY/TTQ1LbUKajZpp3I9tQ==}
    engines: {node: '>=8.0.0'}

  colorette@2.0.20:
    resolution: {integrity: sha512-IfEDxwoWIjkeXL1eXcDiow4UbKjhLdq6/EuSVR9GMN7KVH3r9gQ83e73hsz1Nd1T3ijd5xv1wcWRYO+D6kCI2w==}

  commander@14.0.0:
    resolution: {integrity: sha512-2uM9rYjPvyq39NwLRqaiLtWHyDC1FvryJDa2ATTVims5YAS4PupsEQsDvP14FqhFr0P49CYDugi59xaxJlTXRA==}
    engines: {node: '>=20'}

  dateformat@4.6.3:
    resolution: {integrity: sha512-2P0p0pFGzHS5EMnhdxQi7aJN+iMheud0UhG4dlE1DLAlvL8JHjJJTX/CSm4JXwV0Ka5nGk3zC5mcb5bUQUxxMA==}

  dotenv@17.2.0:
    resolution: {integrity: sha512-Q4sgBT60gzd0BB0lSyYD3xM4YxrXA9y4uBDof1JNYGzOXrQdQ6yX+7XIAqoFOGQFOTK1D3Hts5OllpxMDZFONQ==}
    engines: {node: '>=12'}

  end-of-stream@1.4.5:
    resolution: {integrity: sha512-ooEGc6HP26xXq/N+GCGOT0JKCLDGrq2bQUZrQ7gyrJiZANJ/8YDTxTpQBXGMn+WbIQXNVpyWymm7KYVICQnyOg==}

  esbuild@0.25.8:
    resolution: {integrity: sha512-vVC0USHGtMi8+R4Kz8rt6JhEWLxsv9Rnu/lGYbPR8u47B+DCBksq9JarW0zOO7bs37hyOK1l2/oqtbciutL5+Q==}
    engines: {node: '>=18'}
    hasBin: true

  fast-copy@3.0.2:
    resolution: {integrity: sha512-dl0O9Vhju8IrcLndv2eU4ldt1ftXMqqfgN4H1cpmGV7P6jeB9FwpN9a2c8DPGE1Ys88rNUJVYDHq73CGAGOPfQ==}

  fast-redact@3.5.0:
    resolution: {integrity: sha512-dwsoQlS7h9hMeYUq1W++23NDcBLV4KqONnITDV9DjfS3q1SgDGVrBdvvTLUotWtPSD7asWDV9/CmsZPy8Hf70A==}
    engines: {node: '>=6'}

  fast-safe-stringify@2.1.1:
    resolution: {integrity: sha512-W+KJc2dmILlPplD/H4K9l9LcAHAfPtP6BY84uVLXQ6Evcz9Lcg33Y2z1IVblT6xdY54PXYVHEv+0Wpq8Io6zkA==}

  fsevents@2.3.3:
    resolution: {integrity: sha512-5xoDfX+fL7faATnagmWPpbFtwh/R77WmMMqqHGS65C3vvB0YHrgF+B1YmZ3441tMj5n63k0212XNoJwzlhffQw==}
    engines: {node: ^8.16.0 || ^10.6.0 || >=11.0.0}
    os: [darwin]

  get-tsconfig@4.10.1:
    resolution: {integrity: sha512-auHyJ4AgMz7vgS8Hp3N6HXSmlMdUyhSUrfBF16w153rxtLIEOE+HGqaBppczZvnHLqQJfiHotCYpNhl0lUROFQ==}

  help-me@5.0.0:
    resolution: {integrity: sha512-7xgomUX6ADmcYzFik0HzAxh/73YlKR9bmFzf51CZwR+b6YtzU2m0u49hQCqV6SvlqIqsaxovfwdvbnsw3b/zpg==}

  joycon@3.1.1:
    resolution: {integrity: sha512-34wB/Y7MW7bzjKRjUKTa46I2Z7eV62Rkhva+KkopW7Qvv/OSWBqvkSY7vusOPrNuZcUG3tApvdVgNB8POj3SPw==}
    engines: {node: '>=10'}

  kysely-node-sqlite@1.1.0:
    resolution: {integrity: sha512-uKaw6eL14zkEmnkuilxequDDaALmz4TnvbST6TG68njC+9SUoOWtygaxpujHm8c3VDTLuJTKuO7IzSpi0iDSXA==}
    engines: {node: '>=22.5.0'}

  kysely@0.28.3:
    resolution: {integrity: sha512-svKnkSH72APRdjfVCCOknxaC9Eb3nA2StHG9d5/sKOqRvHRp2Dtf1XwDvc92b4B5v6LV+EAGWXQbZ5jMOvHaDw==}
    engines: {node: '>=20.0.0'}

  minimist@1.2.8:
    resolution: {integrity: sha512-2yyAR8qBkN3YuheJanUpWC5U3bb5osDywNB8RzDVlDwDHbocAJveqqj1u8+SVD7jkWT4yvsHCpWqqWqAxb0zCA==}

  on-exit-leak-free@2.1.2:
    resolution: {integrity: sha512-0eJJY6hXLGf1udHwfNftBqH+g73EU4B504nZeKpz1sYRKafAghwxEJunB2O7rDZkL4PGfsMVnTXZ2EjibbqcsA==}
    engines: {node: '>=14.0.0'}

  once@1.4.0:
    resolution: {integrity: sha512-lNaJgI+2Q5URQBkccEKHTQOPaXdUxnZZElQTZY0MFUAuaEqe1E+Nyvgdz/aIyNi6Z9MzO5dv1H8n58/GELp3+w==}

  pino-abstract-transport@2.0.0:
    resolution: {integrity: sha512-F63x5tizV6WCh4R6RHyi2Ml+M70DNRXt/+HANowMflpgGFMAym/VKm6G7ZOQRjqN7XbGxK1Lg9t6ZrtzOaivMw==}

  pino-pretty@13.0.0:
    resolution: {integrity: sha512-cQBBIVG3YajgoUjo1FdKVRX6t9XPxwB9lcNJVD5GCnNM4Y6T12YYx8c6zEejxQsU0wrg9TwmDulcE9LR7qcJqA==}
    hasBin: true

  pino-std-serializers@7.0.0:
    resolution: {integrity: sha512-e906FRY0+tV27iq4juKzSYPbUj2do2X2JX4EzSca1631EB2QJQUqGbDuERal7LCtOpxl6x3+nvo9NPZcmjkiFA==}

  pino@9.7.0:
    resolution: {integrity: sha512-vnMCM6xZTb1WDmLvtG2lE/2p+t9hDEIvTWJsu6FejkE62vB7gDhvzrpFR4Cw2to+9JNQxVnkAKVPA1KPB98vWg==}
    hasBin: true

  process-warning@5.0.0:
    resolution: {integrity: sha512-a39t9ApHNx2L4+HBnQKqxxHNs1r7KF+Intd8Q/g1bUh6q0WIp9voPXJ/x0j+ZL45KF1pJd9+q2jLIRMfvEshkA==}

  pump@3.0.3:
    resolution: {integrity: sha512-todwxLMY7/heScKmntwQG8CXVkWUOdYxIvY2s0VWAAMh/nd8SoYiRaKjlr7+iCs984f2P8zvrfWcDDYVb73NfA==}

  quick-format-unescaped@4.0.4:
    resolution: {integrity: sha512-tYC1Q1hgyRuHgloV/YXs2w15unPVh8qfu/qCTfhTYamaw7fyhumKa2yGpdSo87vY32rIclj+4fWYQXUMs9EHvg==}

  real-require@0.2.0:
    resolution: {integrity: sha512-57frrGM/OCTLqLOAh0mhVA9VBMHd+9U7Zb2THMGdBUoZVOtGbJzjxsYGDJ3A9AYYCP4hn6y1TVbaOfzWtm5GFg==}
    engines: {node: '>= 12.13.0'}

  resolve-pkg-maps@1.0.0:
    resolution: {integrity: sha512-seS2Tj26TBVOC2NIc2rOe2y2ZO7efxITtLZcGSOnHHNOQ7CkiUBfw0Iw2ck6xkIhPwLhKNLS8BO+hEpngQlqzw==}

  safe-stable-stringify@2.5.0:
    resolution: {integrity: sha512-b3rppTKm9T+PsVCBEOUR46GWI7fdOs00VKZ1+9c1EWDaDMvjQc6tUwuFyIprgGgTcWoVHSKrU8H31ZHA2e0RHA==}
    engines: {node: '>=10'}

  secure-json-parse@2.7.0:
    resolution: {integrity: sha512-6aU+Rwsezw7VR8/nyvKTx8QpWH9FrcYiXXlqC4z5d5XQBDRqtbfsRjnwGyqbi3gddNtWHuEk9OANUotL26qKUw==}

  sonic-boom@4.2.0:
    resolution: {integrity: sha512-INb7TM37/mAcsGmc9hyyI6+QR3rR1zVRu36B0NeGXKnOOLiZOfER5SA+N7X7k3yUYRzLWafduTDvJAfDswwEww==}

  split2@4.2.0:
    resolution: {integrity: sha512-UcjcJOWknrNkF6PLX83qcHM6KHgVKNkV62Y8a5uYDVv9ydGQVwAHMKqHdJje1VTWpljG0WYpCDhrCdAOYH4TWg==}
    engines: {node: '>= 10.x'}

  strip-json-comments@3.1.1:
    resolution: {integrity: sha512-6fPc+R4ihwqP6N/aIv2f1gMH8lOVtWQHoqC4yK6oSDVVocumAsfCqjkXnqiYMhmMwS/mEHLp7Vehlt3ql6lEig==}
    engines: {node: '>=8'}

  thread-stream@3.1.0:
    resolution: {integrity: sha512-OqyPZ9u96VohAyMfJykzmivOrY2wfMSf3C5TtFJVgN+Hm6aj+voFhlK+kZEIv2FBh1X6Xp3DlnCOfEQ3B2J86A==}

  tslib@2.8.1:
    resolution: {integrity: sha512-oJFu94HQb+KVduSUQL7wnpmqnfmLsOA/nAh6b6EH0wCEoK0/mPeXU6c3wKDV83MkOuHPRHtSXKKU99IBazS/2w==}

  tsx@4.20.3:
    resolution: {integrity: sha512-qjbnuR9Tr+FJOMBqJCW5ehvIo/buZq7vH7qD7JziU98h6l3qGy0a/yPFjwO+y0/T7GFpNgNAvEcPPVfyT8rrPQ==}
    engines: {node: '>=18.0.0'}
    hasBin: true

  typescript@5.8.3:
    resolution: {integrity: sha512-p1diW6TqL9L07nNxvRMM7hMMw4c5XOo/1ibL4aAIGmSAt9slTE1Xgw5KWuof2uTOvCg9BY7ZRi+GaF+7sfgPeQ==}
    engines: {node: '>=14.17'}
    hasBin: true

  undici-types@7.8.0:
    resolution: {integrity: sha512-9UJ2xGDvQ43tYyVMpuHlsgApydB8ZKfVYTsLDhXkFL/6gfkp+U8xTGdh8pMJv1SpZna0zxG1DwsKZsreLbXBxw==}

  wrappy@1.0.2:
    resolution: {integrity: sha512-l4Sp/DRseor9wL6EvV2+TuQn63dMkPjZ/sp9XkghTEbV9KlPS1xUsZ3u7/IQO4wxtcFB4bgpQPRcR3QCvezPcQ==}

snapshots:

  '@esbuild/aix-ppc64@0.25.8':
    optional: true

  '@esbuild/android-arm64@0.25.8':
    optional: true

  '@esbuild/android-arm@0.25.8':
    optional: true

  '@esbuild/android-x64@0.25.8':
    optional: true

  '@esbuild/darwin-arm64@0.25.8':
    optional: true

  '@esbuild/darwin-x64@0.25.8':
    optional: true

  '@esbuild/freebsd-arm64@0.25.8':
    optional: true

  '@esbuild/freebsd-x64@0.25.8':
    optional: true

  '@esbuild/linux-arm64@0.25.8':
    optional: true

  '@esbuild/linux-arm@0.25.8':
    optional: true

  '@esbuild/linux-ia32@0.25.8':
    optional: true

  '@esbuild/linux-loong64@0.25.8':
    optional: true

  '@esbuild/linux-mips64el@0.25.8':
    optional: true

  '@esbuild/linux-ppc64@0.25.8':
    optional: true

  '@esbuild/linux-riscv64@0.25.8':
    optional: true

  '@esbuild/linux-s390x@0.25.8':
    optional: true

  '@esbuild/linux-x64@0.25.8':
    optional: true

  '@esbuild/netbsd-arm64@0.25.8':
    optional: true

  '@esbuild/netbsd-x64@0.25.8':
    optional: true

  '@esbuild/openbsd-arm64@0.25.8':
    optional: true

  '@esbuild/openbsd-x64@0.25.8':
    optional: true

  '@esbuild/openharmony-arm64@0.25.8':
    optional: true

  '@esbuild/sunos-x64@0.25.8':
    optional: true

  '@esbuild/win32-arm64@0.25.8':
    optional: true

  '@esbuild/win32-ia32@0.25.8':
    optional: true

  '@esbuild/win32-x64@0.25.8':
    optional: true

  '@types/node@24.0.15':
    dependencies:
      undici-types: 7.8.0

  async-mutex@0.5.0:
    dependencies:
      tslib: 2.8.1

  atomic-sleep@1.0.0: {}

  colorette@2.0.20: {}

  commander@14.0.0: {}

  dateformat@4.6.3: {}

  dotenv@17.2.0: {}

  end-of-stream@1.4.5:
    dependencies:
      once: 1.4.0

  esbuild@0.25.8:
    optionalDependencies:
      '@esbuild/aix-ppc64': 0.25.8
      '@esbuild/android-arm': 0.25.8
      '@esbuild/android-arm64': 0.25.8
      '@esbuild/android-x64': 0.25.8
      '@esbuild/darwin-arm64': 0.25.8
      '@esbuild/darwin-x64': 0.25.8
      '@esbuild/freebsd-arm64': 0.25.8
      '@esbuild/freebsd-x64': 0.25.8
      '@esbuild/linux-arm': 0.25.8
      '@esbuild/linux-arm64': 0.25.8
      '@esbuild/linux-ia32': 0.25.8
      '@esbuild/linux-loong64': 0.25.8
      '@esbuild/linux-mips64el': 0.25.8
      '@esbuild/linux-ppc64': 0.25.8
      '@esbuild/linux-riscv64': 0.25.8
      '@esbuild/linux-s390x': 0.25.8
      '@esbuild/linux-x64': 0.25.8
      '@esbuild/netbsd-arm64': 0.25.8
      '@esbuild/netbsd-x64': 0.25.8
      '@esbuild/openbsd-arm64': 0.25.8
      '@esbuild/openbsd-x64': 0.25.8
      '@esbuild/openharmony-arm64': 0.25.8
      '@esbuild/sunos-x64': 0.25.8
      '@esbuild/win32-arm64': 0.25.8
      '@esbuild/win32-ia32': 0.25.8
      '@esbuild/win32-x64': 0.25.8

  fast-copy@3.0.2: {}

  fast-redact@3.5.0: {}

  fast-safe-stringify@2.1.1: {}

  fsevents@2.3.3:
    optional: true

  get-tsconfig@4.10.1:
    dependencies:
      resolve-pkg-maps: 1.0.0

  help-me@5.0.0: {}

  joycon@3.1.1: {}

  kysely-node-sqlite@1.1.0:
    dependencies:
      async-mutex: 0.5.0
      kysely: 0.28.3

  kysely@0.28.3: {}

  minimist@1.2.8: {}

  on-exit-leak-free@2.1.2: {}

  once@1.4.0:
    dependencies:
      wrappy: 1.0.2

  pino-abstract-transport@2.0.0:
    dependencies:
      split2: 4.2.0

  pino-pretty@13.0.0:
    dependencies:
      colorette: 2.0.20
      dateformat: 4.6.3
      fast-copy: 3.0.2
      fast-safe-stringify: 2.1.1
      help-me: 5.0.0
      joycon: 3.1.1
      minimist: 1.2.8
      on-exit-leak-free: 2.1.2
      pino-abstract-transport: 2.0.0
      pump: 3.0.3
      secure-json-parse: 2.7.0
      sonic-boom: 4.2.0
      strip-json-comments: 3.1.1

  pino-std-serializers@7.0.0: {}

  pino@9.7.0:
    dependencies:
      atomic-sleep: 1.0.0
      fast-redact: 3.5.0
      on-exit-leak-free: 2.1.2
      pino-abstract-transport: 2.0.0
      pino-std-serializers: 7.0.0
      process-warning: 5.0.0
      quick-format-unescaped: 4.0.4
      real-require: 0.2.0
      safe-stable-stringify: 2.5.0
      sonic-boom: 4.2.0
      thread-stream: 3.1.0

  process-warning@5.0.0: {}

  pump@3.0.3:
    dependencies:
      end-of-stream: 1.4.5
      once: 1.4.0

  quick-format-unescaped@4.0.4: {}

  real-require@0.2.0: {}

  resolve-pkg-maps@1.0.0: {}

  safe-stable-stringify@2.5.0: {}

  secure-json-parse@2.7.0: {}

  sonic-boom@4.2.0:
    dependencies:
      atomic-sleep: 1.0.0

  split2@4.2.0: {}

  strip-json-comments@3.1.1: {}

  thread-stream@3.1.0:
    dependencies:
      real-require: 0.2.0

  tslib@2.8.1: {}

  tsx@4.20.3:
    dependencies:
      esbuild: 0.25.8
      get-tsconfig: 4.10.1
    optionalDependencies:
      fsevents: 2.3.3

  typescript@5.8.3: {}

  undici-types@7.8.0: {}

  wrappy@1.0.2: {}
